
Microsoft Visual Studio Solution File, Format Version 12.00
# Visual Studio 15
VisualStudioVersion = 15.0.28307.489
MinimumVisualStudioVersion = 10.0.40219.1
Project("{FAE04EC0-301F-11D3-BF4B-00C04F79EFBC}") = "Honor-CookbookRecipes", "Honor-CookbookRecipes\Honor-CookbookRecipes.csproj", "{70D67D2E-CD1B-44E1-ABA7-DADC177FD239}"
EndProject
Global
	GlobalSection(SolutionConfigurationPlatforms) = preSolution
		Debug|Any CPU = Debug|Any CPU
		Release|Any CPU = Release|Any CPU
	EndGlobalSection
	GlobalSection(ProjectConfigurationPlatforms) = postSolution
		{70D67D2E-CD1B-44E1-ABA7-DADC177FD239}.Debug|Any CPU.ActiveCfg = Debug|Any CPU
		{70D67D2E-CD1B-44E1-ABA7-DADC177FD239}.Debug|Any CPU.Build.0 = Debug|Any CPU
		{70D67D2E-CD1B-44E1-ABA7-DADC177FD239}.Release|Any CPU.ActiveCfg = Release|Any CPU
		{70D67D2E-CD1B-44E1-ABA7-DADC177FD239}.Release|Any CPU.Build.0 = Release|Any CPU
	EndGlobalSection
	GlobalSection(SolutionProperties) = preSolution
		HideSolutionNode = FALSE
	EndGlobalSection
	GlobalSection(ExtensibilityGlobals) = postSolution
		SolutionGuid = {11A32198-088F-4215-8D7C-1B8DB8BE703D}
	EndGlobalSection
EndGlobal
